
Microsoft Visual Studio Solution File, Format Version 12.00
# Visual Studio 15
VisualStudioVersion = 15.0.28307.852
MinimumVisualStudioVersion = 10.0.40219.1
Project("{FAE04EC0-301F-11D3-BF4B-00C04F79EFBC}") = "Tdd", "Tdd.csproj", "{1604D802-E9D5-40F8-BB2F-AF93CE4798A2}"
EndProject
Project("{FAE04EC0-301F-11D3-BF4B-00C04F79EFBC}") = "TddTests", "..\TddTests\TddTests.csproj", "{2DB5803F-1CB9-490A-8C57-0AE28CBFBC0E}"
EndProject
Global
	GlobalSection(SolutionConfigurationPlatforms) = preSolution
		Debug|Any CPU = Debug|Any CPU
		Release|Any CPU = Release|Any CPU
	EndGlobalSection
	GlobalSection(ProjectConfigurationPlatforms) = postSolution
		{1604D802-E9D5-40F8-BB2F-AF93CE4798A2}.Debug|Any CPU.ActiveCfg = Debug|Any CPU
		{1604D802-E9D5-40F8-BB2F-AF93CE4798A2}.Debug|Any CPU.Build.0 = Debug|Any CPU
		{1604D802-E9D5-40F8-BB2F-AF93CE4798A2}.Release|Any CPU.ActiveCfg = Release|Any CPU
		{1604D802-E9D5-40F8-BB2F-AF93CE4798A2}.Release|Any CPU.Build.0 = Release|Any CPU
		{2DB5803F-1CB9-490A-8C57-0AE28CBFBC0E}.Debug|Any CPU.ActiveCfg = Debug|Any CPU
		{2DB5803F-1CB9-490A-8C57-0AE28CBFBC0E}.Debug|Any CPU.Build.0 = Debug|Any CPU
		{2DB5803F-1CB9-490A-8C57-0AE28CBFBC0E}.Release|Any CPU.ActiveCfg = Release|Any CPU
		{2DB5803F-1CB9-490A-8C57-0AE28CBFBC0E}.Release|Any CPU.Build.0 = Release|Any CPU
	EndGlobalSection
	GlobalSection(SolutionProperties) = preSolution
		HideSolutionNode = FALSE
	EndGlobalSection
	GlobalSection(ExtensibilityGlobals) = postSolution
		SolutionGuid = {E66AE185-59D0-41E9-8A8E-4DDA6D93E8CF}
	EndGlobalSection
EndGlobal
